
Microsoft Visual Studio Solution File, Format Version 12.00
# Visual Studio Version 16
VisualStudioVersion = 16.0.31321.278
MinimumVisualStudioVersion = 10.0.40219.1
Project("{D954291E-2A0B-460D-934E-DC6B0785DB48}") = "BindingUWP.Shared", "BindingUWP\BindingUWP.Shared\BindingUWP.Shared.shproj", "{6279C845-92F8-4333-AB99-3D213163593C}"
EndProject
Project("{2150E333-8FDC-42A3-9474-1A3956D46DE8}") = "Platforms", "Platforms", "{1EED1BEA-13C6-443D-84A2-D6EBAD10D3F6}"
EndProject
Project("{FAE04EC0-301F-11D3-BF4B-00C04F79EFBC}") = "BindingUWP.Droid", "BindingUWP\BindingUWP.Droid\BindingUWP.Droid.csproj", "{0AFCD706-EA5D-46A2-B74D-D407B6702EA8}"
EndProject
Project("{FAE04EC0-301F-11D3-BF4B-00C04F79EFBC}") = "BindingUWP.UWP", "BindingUWP\BindingUWP.UWP\BindingUWP.UWP.csproj", "{0A5E49CD-196A-427D-AD66-9A2B45097AC1}"
EndProject
Project("{FAE04EC0-301F-11D3-BF4B-00C04F79EFBC}") = "BindingUWP.Skia.Gtk", "BindingUWP\BindingUWP.Skia.Gtk\BindingUWP.Skia.Gtk.csproj", "{B42BB3BB-9746-40D8-8E86-C4E87A956BF0}"
EndProject
Global
	GlobalSection(SharedMSBuildProjectFiles) = preSolution
		BindingUWP\BindingUWP.Shared\BindingUWP.Shared.projitems*{0a5e49cd-196a-427d-ad66-9a2b45097ac1}*SharedItemsImports = 4
		BindingUWP\BindingUWP.Shared\BindingUWP.Shared.projitems*{0afcd706-ea5d-46a2-b74d-d407b6702ea8}*SharedItemsImports = 4
		BindingUWP\BindingUWP.Shared\BindingUWP.Shared.projitems*{6279c845-92f8-4333-ab99-3d213163593c}*SharedItemsImports = 13
		BindingUWP\BindingUWP.Shared\BindingUWP.Shared.projitems*{b42bb3bb-9746-40d8-8e86-c4e87a956bf0}*SharedItemsImports = 5
	EndGlobalSection
	GlobalSection(SolutionConfigurationPlatforms) = preSolution
		Ad-Hoc|Any CPU = Ad-Hoc|Any CPU
		Ad-Hoc|ARM = Ad-Hoc|ARM
		Ad-Hoc|ARM64 = Ad-Hoc|ARM64
		Ad-Hoc|iPhone = Ad-Hoc|iPhone
		Ad-Hoc|iPhoneSimulator = Ad-Hoc|iPhoneSimulator
		Ad-Hoc|x64 = Ad-Hoc|x64
		Ad-Hoc|x86 = Ad-Hoc|x86
		AppStore|Any CPU = AppStore|Any CPU
		AppStore|ARM = AppStore|ARM
		AppStore|ARM64 = AppStore|ARM64
		AppStore|iPhone = AppStore|iPhone
		AppStore|iPhoneSimulator = AppStore|iPhoneSimulator
		AppStore|x64 = AppStore|x64
		AppStore|x86 = AppStore|x86
		Debug|Any CPU = Debug|Any CPU
		Debug|ARM = Debug|ARM
		Debug|ARM64 = Debug|ARM64
		Debug|iPhone = Debug|iPhone
		Debug|iPhoneSimulator = Debug|iPhoneSimulator
		Debug|x64 = Debug|x64
		Debug|x86 = Debug|x86
		Release|Any CPU = Release|Any CPU
		Release|ARM = Release|ARM
		Release|ARM64 = Release|ARM64
		Release|iPhone = Release|iPhone
		Release|iPhoneSimulator = Release|iPhoneSimulator
		Release|x64 = Release|x64
		Release|x86 = Release|x86
	EndGlobalSection
	GlobalSection(ProjectConfigurationPlatforms) = postSolution
		{0AFCD706-EA5D-46A2-B74D-D407B6702EA8}.Ad-Hoc|Any CPU.ActiveCfg = Debug|Any CPU
		{0AFCD706-EA5D-46A2-B74D-D407B6702EA8}.Ad-Hoc|Any CPU.Build.0 = Debug|Any CPU
		{0AFCD706-EA5D-46A2-B74D-D407B6702EA8}.Ad-Hoc|Any CPU.Deploy.0 = Debug|Any CPU
		{0AFCD706-EA5D-46A2-B74D-D407B6702EA8}.Ad-Hoc|ARM.ActiveCfg = Debug|Any CPU
		{0AFCD706-EA5D-46A2-B74D-D407B6702EA8}.Ad-Hoc|ARM.Build.0 = Debug|Any CPU
		{0AFCD706-EA5D-46A2-B74D-D407B6702EA8}.Ad-Hoc|ARM.Deploy.0 = Debug|Any CPU
		{0AFCD706-EA5D-46A2-B74D-D407B6702EA8}.Ad-Hoc|ARM64.ActiveCfg = Debug|Any CPU
		{0AFCD706-EA5D-46A2-B74D-D407B6702EA8}.Ad-Hoc|ARM64.Build.0 = Debug|Any CPU
		{0AFCD706-EA5D-46A2-B74D-D407B6702EA8}.Ad-Hoc|ARM64.Deploy.0 = Debug|Any CPU
		{0AFCD706-EA5D-46A2-B74D-D407B6702EA8}.Ad-Hoc|iPhone.ActiveCfg = Debug|Any CPU
		{0AFCD706-EA5D-46A2-B74D-D407B6702EA8}.Ad-Hoc|iPhone.Build.0 = Debug|Any CPU
		{0AFCD706-EA5D-46A2-B74D-D407B6702EA8}.Ad-Hoc|iPhone.Deploy.0 = Debug|Any CPU
		{0AFCD706-EA5D-46A2-B74D-D407B6702EA8}.Ad-Hoc|iPhoneSimulator.ActiveCfg = Debug|Any CPU
		{0AFCD706-EA5D-46A2-B74D-D407B6702EA8}.Ad-Hoc|iPhoneSimulator.Build.0 = Debug|Any CPU
		{0AFCD706-EA5D-46A2-B74D-D407B6702EA8}.Ad-Hoc|iPhoneSimulator.Deploy.0 = Debug|Any CPU
		{0AFCD706-EA5D-46A2-B74D-D407B6702EA8}.Ad-Hoc|x64.ActiveCfg = Debug|Any CPU
		{0AFCD706-EA5D-46A2-B74D-D407B6702EA8}.Ad-Hoc|x64.Build.0 = Debug|Any CPU
		{0AFCD706-EA5D-46A2-B74D-D407B6702EA8}.Ad-Hoc|x64.Deploy.0 = Debug|Any CPU
		{0AFCD706-EA5D-46A2-B74D-D407B6702EA8}.Ad-Hoc|x86.ActiveCfg = Debug|Any CPU
		{0AFCD706-EA5D-46A2-B74D-D407B6702EA8}.Ad-Hoc|x86.Build.0 = Debug|Any CPU
		{0AFCD706-EA5D-46A2-B74D-D407B6702EA8}.Ad-Hoc|x86.Deploy.0 = Debug|Any CPU
		{0AFCD706-EA5D-46A2-B74D-D407B6702EA8}.AppStore|Any CPU.ActiveCfg = Debug|Any CPU
		{0AFCD706-EA5D-46A2-B74D-D407B6702EA8}.AppStore|Any CPU.Build.0 = Debug|Any CPU
		{0AFCD706-EA5D-46A2-B74D-D407B6702EA8}.AppStore|Any CPU.Deploy.0 = Debug|Any CPU
		{0AFCD706-EA5D-46A2-B74D-D407B6702EA8}.AppStore|ARM.ActiveCfg = Debug|Any CPU
		{0AFCD706-EA5D-46A2-B74D-D407B6702EA8}.AppStore|ARM.Build.0 = Debug|Any CPU
		{0AFCD706-EA5D-46A2-B74D-D407B6702EA8}.AppStore|ARM.Deploy.0 = Debug|Any CPU
		{0AFCD706-EA5D-46A2-B74D-D407B6702EA8}.AppStore|ARM64.ActiveCfg = Debug|Any CPU
		{0AFCD706-EA5D-46A2-B74D-D407B6702EA8}.AppStore|ARM64.Build.0 = Debug|Any CPU
		{0AFCD706-EA5D-46A2-B74D-D407B6702EA8}.AppStore|ARM64.Deploy.0 = Debug|Any CPU
		{0AFCD706-EA5D-46A2-B74D-D407B6702EA8}.AppStore|iPhone.ActiveCfg = Debug|Any CPU
		{0AFCD706-EA5D-46A2-B74D-D407B6702EA8}.AppStore|iPhone.Build.0 = Debug|Any CPU
		{0AFCD706-EA5D-46A2-B74D-D407B6702EA8}.AppStore|iPhone.Deploy.0 = Debug|Any CPU
		{0AFCD706-EA5D-46A2-B74D-D407B6702EA8}.AppStore|iPhoneSimulator.ActiveCfg = Debug|Any CPU
		{0AFCD706-EA5D-46A2-B74D-D407B6702EA8}.AppStore|iPhoneSimulator.Build.0 = Debug|Any CPU
		{0AFCD706-EA5D-46A2-B74D-D407B6702EA8}.AppStore|iPhoneSimulator.Deploy.0 = Debug|Any CPU
		{0AFCD706-EA5D-46A2-B74D-D407B6702EA8}.AppStore|x64.ActiveCfg = Debug|Any CPU
		{0AFCD706-EA5D-46A2-B74D-D407B6702EA8}.AppStore|x64.Build.0 = Debug|Any CPU
		{0AFCD706-EA5D-46A2-B74D-D407B6702EA8}.AppStore|x64.Deploy.0 = Debug|Any CPU
		{0AFCD706-EA5D-46A2-B74D-D407B6702EA8}.AppStore|x86.ActiveCfg = Debug|Any CPU
		{0AFCD706-EA5D-46A2-B74D-D407B6702EA8}.AppStore|x86.Build.0 = Debug|Any CPU
		{0AFCD706-EA5D-46A2-B74D-D407B6702EA8}.AppStore|x86.Deploy.0 = Debug|Any CPU
		{0AFCD706-EA5D-46A2-B74D-D407B6702EA8}.Debug|Any CPU.ActiveCfg = Debug|Any CPU
		{0AFCD706-EA5D-46A2-B74D-D407B6702EA8}.Debug|Any CPU.Build.0 = Debug|Any CPU
		{0AFCD706-EA5D-46A2-B74D-D407B6702EA8}.Debug|Any CPU.Deploy.0 = Debug|Any CPU
		{0AFCD706-EA5D-46A2-B74D-D407B6702EA8}.Debug|ARM.ActiveCfg = Debug|Any CPU
		{0AFCD706-EA5D-46A2-B74D-D407B6702EA8}.Debug|ARM.Build.0 = Debug|Any CPU
		{0AFCD706-EA5D-46A2-B74D-D407B6702EA8}.Debug|ARM.Deploy.0 = Debug|Any CPU
		{0AFCD706-EA5D-46A2-B74D-D407B6702EA8}.Debug|ARM64.ActiveCfg = Debug|Any CPU
		{0AFCD706-EA5D-46A2-B74D-D407B6702EA8}.Debug|ARM64.Build.0 = Debug|Any CPU
		{0AFCD706-EA5D-46A2-B74D-D407B6702EA8}.Debug|ARM64.Deploy.0 = Debug|Any CPU
		{0AFCD706-EA5D-46A2-B74D-D407B6702EA8}.Debug|iPhone.ActiveCfg = Debug|Any CPU
		{0AFCD706-EA5D-46A2-B74D-D407B6702EA8}.Debug|iPhone.Build.0 = Debug|Any CPU
		{0AFCD706-EA5D-46A2-B74D-D407B6702EA8}.Debug|iPhone.Deploy.0 = Debug|Any CPU
		{0AFCD706-EA5D-46A2-B74D-D407B6702EA8}.Debug|iPhoneSimulator.ActiveCfg = Debug|Any CPU
		{0AFCD706-EA5D-46A2-B74D-D407B6702EA8}.Debug|iPhoneSimulator.Build.0 = Debug|Any CPU
		{0AFCD706-EA5D-46A2-B74D-D407B6702EA8}.Debug|iPhoneSimulator.Deploy.0 = Debug|Any CPU
		{0AFCD706-EA5D-46A2-B74D-D407B6702EA8}.Debug|x64.ActiveCfg = Debug|Any CPU
		{0AFCD706-EA5D-46A2-B74D-D407B6702EA8}.Debug|x64.Build.0 = Debug|Any CPU
		{0AFCD706-EA5D-46A2-B74D-D407B6702EA8}.Debug|x64.Deploy.0 = Debug|Any CPU
		{0AFCD706-EA5D-46A2-B74D-D407B6702EA8}.Debug|x86.ActiveCfg = Debug|Any CPU
		{0AFCD706-EA5D-46A2-B74D-D407B6702EA8}.Debug|x86.Build.0 = Debug|Any CPU
		{0AFCD706-EA5D-46A2-B74D-D407B6702EA8}.Debug|x86.Deploy.0 = Debug|Any CPU
		{0AFCD706-EA5D-46A2-B74D-D407B6702EA8}.Release|Any CPU.ActiveCfg = Release|Any CPU
		{0AFCD706-EA5D-46A2-B74D-D407B6702EA8}.Release|Any CPU.Build.0 = Release|Any CPU
		{0AFCD706-EA5D-46A2-B74D-D407B6702EA8}.Release|Any CPU.Deploy.0 = Release|Any CPU
		{0AFCD706-EA5D-46A2-B74D-D407B6702EA8}.Release|ARM.ActiveCfg = Release|Any CPU
		{0AFCD706-EA5D-46A2-B74D-D407B6702EA8}.Release|ARM.Build.0 = Release|Any CPU
		{0AFCD706-EA5D-46A2-B74D-D407B6702EA8}.Release|ARM.Deploy.0 = Release|Any CPU
		{0AFCD706-EA5D-46A2-B74D-D407B6702EA8}.Release|ARM64.ActiveCfg = Release|Any CPU
		{0AFCD706-EA5D-46A2-B74D-D407B6702EA8}.Release|ARM64.Build.0 = Release|Any CPU
		{0AFCD706-EA5D-46A2-B74D-D407B6702EA8}.Release|ARM64.Deploy.0 = Release|Any CPU
		{0AFCD706-EA5D-46A2-B74D-D407B6702EA8}.Release|iPhone.ActiveCfg = Release|Any CPU
		{0AFCD706-EA5D-46A2-B74D-D407B6702EA8}.Release|iPhone.Build.0 = Release|Any CPU
		{0AFCD706-EA5D-46A2-B74D-D407B6702EA8}.Release|iPhone.Deploy.0 = Release|Any CPU
		{0AFCD706-EA5D-46A2-B74D-D407B6702EA8}.Release|iPhoneSimulator.ActiveCfg = Release|Any CPU
		{0AFCD706-EA5D-46A2-B74D-D407B6702EA8}.Release|iPhoneSimulator.Build.0 = Release|Any CPU
		{0AFCD706-EA5D-46A2-B74D-D407B6702EA8}.Release|iPhoneSimulator.Deploy.0 = Release|Any CPU
		{0AFCD706-EA5D-46A2-B74D-D407B6702EA8}.Release|x64.ActiveCfg = Release|Any CPU
		{0AFCD706-EA5D-46A2-B74D-D407B6702EA8}.Release|x64.Build.0 = Release|Any CPU
		{0AFCD706-EA5D-46A2-B74D-D407B6702EA8}.Release|x64.Deploy.0 = Release|Any CPU
		{0AFCD706-EA5D-46A2-B74D-D407B6702EA8}.Release|x86.ActiveCfg = Release|Any CPU
		{0AFCD706-EA5D-46A2-B74D-D407B6702EA8}.Release|x86.Build.0 = Release|Any CPU
		{0AFCD706-EA5D-46A2-B74D-D407B6702EA8}.Release|x86.Deploy.0 = Release|Any CPU
		{0A5E49CD-196A-427D-AD66-9A2B45097AC1}.Ad-Hoc|Any CPU.ActiveCfg = Debug|x86
		{0A5E49CD-196A-427D-AD66-9A2B45097AC1}.Ad-Hoc|Any CPU.Build.0 = Debug|x86
		{0A5E49CD-196A-427D-AD66-9A2B45097AC1}.Ad-Hoc|Any CPU.Deploy.0 = Debug|x86
		{0A5E49CD-196A-427D-AD66-9A2B45097AC1}.Ad-Hoc|ARM.ActiveCfg = Debug|ARM
		{0A5E49CD-196A-427D-AD66-9A2B45097AC1}.Ad-Hoc|ARM.Build.0 = Debug|ARM
		{0A5E49CD-196A-427D-AD66-9A2B45097AC1}.Ad-Hoc|ARM.Deploy.0 = Debug|ARM
		{0A5E49CD-196A-427D-AD66-9A2B45097AC1}.Ad-Hoc|ARM64.ActiveCfg = Debug|ARM64
		{0A5E49CD-196A-427D-AD66-9A2B45097AC1}.Ad-Hoc|ARM64.Build.0 = Debug|ARM64
		{0A5E49CD-196A-427D-AD66-9A2B45097AC1}.Ad-Hoc|ARM64.Deploy.0 = Debug|ARM64
		{0A5E49CD-196A-427D-AD66-9A2B45097AC1}.Ad-Hoc|iPhone.ActiveCfg = Debug|x86
		{0A5E49CD-196A-427D-AD66-9A2B45097AC1}.Ad-Hoc|iPhone.Build.0 = Debug|x86
		{0A5E49CD-196A-427D-AD66-9A2B45097AC1}.Ad-Hoc|iPhone.Deploy.0 = Debug|x86
		{0A5E49CD-196A-427D-AD66-9A2B45097AC1}.Ad-Hoc|iPhoneSimulator.ActiveCfg = Debug|x86
		{0A5E49CD-196A-427D-AD66-9A2B45097AC1}.Ad-Hoc|iPhoneSimulator.Build.0 = Debug|x86
		{0A5E49CD-196A-427D-AD66-9A2B45097AC1}.Ad-Hoc|iPhoneSimulator.Deploy.0 = Debug|x86
		{0A5E49CD-196A-427D-AD66-9A2B45097AC1}.Ad-Hoc|x64.ActiveCfg = Debug|x64
		{0A5E49CD-196A-427D-AD66-9A2B45097AC1}.Ad-Hoc|x64.Build.0 = Debug|x64
		{0A5E49CD-196A-427D-AD66-9A2B45097AC1}.Ad-Hoc|x64.Deploy.0 = Debug|x64
		{0A5E49CD-196A-427D-AD66-9A2B45097AC1}.Ad-Hoc|x86.ActiveCfg = Debug|x86
		{0A5E49CD-196A-427D-AD66-9A2B45097AC1}.Ad-Hoc|x86.Build.0 = Debug|x86
		{0A5E49CD-196A-427D-AD66-9A2B45097AC1}.Ad-Hoc|x86.Deploy.0 = Debug|x86
		{0A5E49CD-196A-427D-AD66-9A2B45097AC1}.AppStore|Any CPU.ActiveCfg = Debug|x86
		{0A5E49CD-196A-427D-AD66-9A2B45097AC1}.AppStore|Any CPU.Build.0 = Debug|x86
		{0A5E49CD-196A-427D-AD66-9A2B45097AC1}.AppStore|Any CPU.Deploy.0 = Debug|x86
		{0A5E49CD-196A-427D-AD66-9A2B45097AC1}.AppStore|ARM.ActiveCfg = Debug|ARM
		{0A5E49CD-196A-427D-AD66-9A2B45097AC1}.AppStore|ARM.Build.0 = Debug|ARM
		{0A5E49CD-196A-427D-AD66-9A2B45097AC1}.AppStore|ARM.Deploy.0 = Debug|ARM
		{0A5E49CD-196A-427D-AD66-9A2B45097AC1}.AppStore|ARM64.ActiveCfg = Debug|ARM64
		{0A5E49CD-196A-427D-AD66-9A2B45097AC1}.AppStore|ARM64.Build.0 = Debug|ARM64
		{0A5E49CD-196A-427D-AD66-9A2B45097AC1}.AppStore|ARM64.Deploy.0 = Debug|ARM64
		{0A5E49CD-196A-427D-AD66-9A2B45097AC1}.AppStore|iPhone.ActiveCfg = Debug|x86
		{0A5E49CD-196A-427D-AD66-9A2B45097AC1}.AppStore|iPhone.Build.0 = Debug|x86
		{0A5E49CD-196A-427D-AD66-9A2B45097AC1}.AppStore|iPhone.Deploy.0 = Debug|x86
		{0A5E49CD-196A-427D-AD66-9A2B45097AC1}.AppStore|iPhoneSimulator.ActiveCfg = Debug|x86
		{0A5E49CD-196A-427D-AD66-9A2B45097AC1}.AppStore|iPhoneSimulator.Build.0 = Debug|x86
		{0A5E49CD-196A-427D-AD66-9A2B45097AC1}.AppStore|iPhoneSimulator.Deploy.0 = Debug|x86
		{0A5E49CD-196A-427D-AD66-9A2B45097AC1}.AppStore|x64.ActiveCfg = Debug|x64
		{0A5E49CD-196A-427D-AD66-9A2B45097AC1}.AppStore|x64.Build.0 = Debug|x64
		{0A5E49CD-196A-427D-AD66-9A2B45097AC1}.AppStore|x64.Deploy.0 = Debug|x64
		{0A5E49CD-196A-427D-AD66-9A2B45097AC1}.AppStore|x86.ActiveCfg = Debug|x86
		{0A5E49CD-196A-427D-AD66-9A2B45097AC1}.AppStore|x86.Build.0 = Debug|x86
		{0A5E49CD-196A-427D-AD66-9A2B45097AC1}.AppStore|x86.Deploy.0 = Debug|x86
		{0A5E49CD-196A-427D-AD66-9A2B45097AC1}.Debug|Any CPU.ActiveCfg = Debug|x86
		{0A5E49CD-196A-427D-AD66-9A2B45097AC1}.Debug|Any CPU.Build.0 = Debug|x86
		{0A5E49CD-196A-427D-AD66-9A2B45097AC1}.Debug|Any CPU.Deploy.0 = Debug|x86
		{0A5E49CD-196A-427D-AD66-9A2B45097AC1}.Debug|ARM.ActiveCfg = Debug|ARM
		{0A5E49CD-196A-427D-AD66-9A2B45097AC1}.Debug|ARM.Build.0 = Debug|ARM
		{0A5E49CD-196A-427D-AD66-9A2B45097AC1}.Debug|ARM.Deploy.0 = Debug|ARM
		{0A5E49CD-196A-427D-AD66-9A2B45097AC1}.Debug|ARM64.ActiveCfg = Debug|ARM64
		{0A5E49CD-196A-427D-AD66-9A2B45097AC1}.Debug|ARM64.Build.0 = Debug|ARM64
		{0A5E49CD-196A-427D-AD66-9A2B45097AC1}.Debug|ARM64.Deploy.0 = Debug|ARM64
		{0A5E49CD-196A-427D-AD66-9A2B45097AC1}.Debug|iPhone.ActiveCfg = Debug|x86
		{0A5E49CD-196A-427D-AD66-9A2B45097AC1}.Debug|iPhoneSimulator.ActiveCfg = Debug|x86
		{0A5E49CD-196A-427D-AD66-9A2B45097AC1}.Debug|x64.ActiveCfg = Debug|x64
		{0A5E49CD-196A-427D-AD66-9A2B45097AC1}.Debug|x64.Build.0 = Debug|x64
		{0A5E49CD-196A-427D-AD66-9A2B45097AC1}.Debug|x64.Deploy.0 = Debug|x64
		{0A5E49CD-196A-427D-AD66-9A2B45097AC1}.Debug|x86.ActiveCfg = Debug|x86
		{0A5E49CD-196A-427D-AD66-9A2B45097AC1}.Debug|x86.Build.0 = Debug|x86
		{0A5E49CD-196A-427D-AD66-9A2B45097AC1}.Debug|x86.Deploy.0 = Debug|x86
		{0A5E49CD-196A-427D-AD66-9A2B45097AC1}.Release|Any CPU.ActiveCfg = Release|x86
		{0A5E49CD-196A-427D-AD66-9A2B45097AC1}.Release|ARM.ActiveCfg = Release|ARM
		{0A5E49CD-196A-427D-AD66-9A2B45097AC1}.Release|ARM.Build.0 = Release|ARM
		{0A5E49CD-196A-427D-AD66-9A2B45097AC1}.Release|ARM.Deploy.0 = Release|ARM
		{0A5E49CD-196A-427D-AD66-9A2B45097AC1}.Release|ARM64.ActiveCfg = Release|ARM64
		{0A5E49CD-196A-427D-AD66-9A2B45097AC1}.Release|ARM64.Build.0 = Release|ARM64
		{0A5E49CD-196A-427D-AD66-9A2B45097AC1}.Release|ARM64.Deploy.0 = Release|ARM64
		{0A5E49CD-196A-427D-AD66-9A2B45097AC1}.Release|iPhone.ActiveCfg = Release|x86
		{0A5E49CD-196A-427D-AD66-9A2B45097AC1}.Release|iPhoneSimulator.ActiveCfg = Release|x86
		{0A5E49CD-196A-427D-AD66-9A2B45097AC1}.Release|x64.ActiveCfg = Release|x64
		{0A5E49CD-196A-427D-AD66-9A2B45097AC1}.Release|x64.Build.0 = Release|x64
		{0A5E49CD-196A-427D-AD66-9A2B45097AC1}.Release|x64.Deploy.0 = Release|x64
		{0A5E49CD-196A-427D-AD66-9A2B45097AC1}.Release|x86.ActiveCfg = Release|x86
		{0A5E49CD-196A-427D-AD66-9A2B45097AC1}.Release|x86.Build.0 = Release|x86
		{0A5E49CD-196A-427D-AD66-9A2B45097AC1}.Release|x86.Deploy.0 = Release|x86
		{B42BB3BB-9746-40D8-8E86-C4E87A956BF0}.Ad-Hoc|Any CPU.ActiveCfg = Debug|Any CPU
		{B42BB3BB-9746-40D8-8E86-C4E87A956BF0}.Ad-Hoc|Any CPU.Build.0 = Debug|Any CPU
		{B42BB3BB-9746-40D8-8E86-C4E87A956BF0}.Ad-Hoc|ARM.ActiveCfg = Debug|Any CPU
		{B42BB3BB-9746-40D8-8E86-C4E87A956BF0}.Ad-Hoc|ARM.Build.0 = Debug|Any CPU
		{B42BB3BB-9746-40D8-8E86-C4E87A956BF0}.Ad-Hoc|ARM64.ActiveCfg = Debug|Any CPU
		{B42BB3BB-9746-40D8-8E86-C4E87A956BF0}.Ad-Hoc|ARM64.Build.0 = Debug|Any CPU
		{B42BB3BB-9746-40D8-8E86-C4E87A956BF0}.Ad-Hoc|iPhone.ActiveCfg = Debug|Any CPU
		{B42BB3BB-9746-40D8-8E86-C4E87A956BF0}.Ad-Hoc|iPhone.Build.0 = Debug|Any CPU
		{B42BB3BB-9746-40D8-8E86-C4E87A956BF0}.Ad-Hoc|iPhoneSimulator.ActiveCfg = Debug|Any CPU
		{B42BB3BB-9746-40D8-8E86-C4E87A956BF0}.Ad-Hoc|iPhoneSimulator.Build.0 = Debug|Any CPU
		{B42BB3BB-9746-40D8-8E86-C4E87A956BF0}.Ad-Hoc|x64.ActiveCfg = Debug|Any CPU
		{B42BB3BB-9746-40D8-8E86-C4E87A956BF0}.Ad-Hoc|x64.Build.0 = Debug|Any CPU
		{B42BB3BB-9746-40D8-8E86-C4E87A956BF0}.Ad-Hoc|x86.ActiveCfg = Debug|Any CPU
		{B42BB3BB-9746-40D8-8E86-C4E87A956BF0}.Ad-Hoc|x86.Build.0 = Debug|Any CPU
		{B42BB3BB-9746-40D8-8E86-C4E87A956BF0}.AppStore|Any CPU.ActiveCfg = Debug|Any CPU
		{B42BB3BB-9746-40D8-8E86-C4E87A956BF0}.AppStore|Any CPU.Build.0 = Debug|Any CPU
		{B42BB3BB-9746-40D8-8E86-C4E87A956BF0}.AppStore|ARM.ActiveCfg = Debug|Any CPU
		{B42BB3BB-9746-40D8-8E86-C4E87A956BF0}.AppStore|ARM.Build.0 = Debug|Any CPU
		{B42BB3BB-9746-40D8-8E86-C4E87A956BF0}.AppStore|ARM64.ActiveCfg = Debug|Any CPU
		{B42BB3BB-9746-40D8-8E86-C4E87A956BF0}.AppStore|ARM64.Build.0 = Debug|Any CPU
		{B42BB3BB-9746-40D8-8E86-C4E87A956BF0}.AppStore|iPhone.ActiveCfg = Debug|Any CPU
		{B42BB3BB-9746-40D8-8E86-C4E87A956BF0}.AppStore|iPhone.Build.0 = Debug|Any CPU
		{B42BB3BB-9746-40D8-8E86-C4E87A956BF0}.AppStore|iPhoneSimulator.ActiveCfg = Debug|Any CPU
		{B42BB3BB-9746-40D8-8E86-C4E87A956BF0}.AppStore|iPhoneSimulator.Build.0 = Debug|Any CPU
		{B42BB3BB-9746-40D8-8E86-C4E87A956BF0}.AppStore|x64.ActiveCfg = Debug|Any CPU
		{B42BB3BB-9746-40D8-8E86-C4E87A956BF0}.AppStore|x64.Build.0 = Debug|Any CPU
		{B42BB3BB-9746-40D8-8E86-C4E87A956BF0}.AppStore|x86.ActiveCfg = Debug|Any CPU
		{B42BB3BB-9746-40D8-8E86-C4E87A956BF0}.AppStore|x86.Build.0 = Debug|Any CPU
		{B42BB3BB-9746-40D8-8E86-C4E87A956BF0}.Debug|Any CPU.ActiveCfg = Debug|Any CPU
		{B42BB3BB-9746-40D8-8E86-C4E87A956BF0}.Debug|Any CPU.Build.0 = Debug|Any CPU
		{B42BB3BB-9746-40D8-8E86-C4E87A956BF0}.Debug|ARM.ActiveCfg = Debug|Any CPU
		{B42BB3BB-9746-40D8-8E86-C4E87A956BF0}.Debug|ARM.Build.0 = Debug|Any CPU
		{B42BB3BB-9746-40D8-8E86-C4E87A956BF0}.Debug|ARM64.ActiveCfg = Debug|Any CPU
		{B42BB3BB-9746-40D8-8E86-C4E87A956BF0}.Debug|ARM64.Build.0 = Debug|Any CPU
		{B42BB3BB-9746-40D8-8E86-C4E87A956BF0}.Debug|iPhone.ActiveCfg = Debug|Any CPU
		{B42BB3BB-9746-40D8-8E86-C4E87A956BF0}.Debug|iPhone.Build.0 = Debug|Any CPU
		{B42BB3BB-9746-40D8-8E86-C4E87A956BF0}.Debug|iPhoneSimulator.ActiveCfg = Debug|Any CPU
		{B42BB3BB-9746-40D8-8E86-C4E87A956BF0}.Debug|iPhoneSimulator.Build.0 = Debug|Any CPU
		{B42BB3BB-9746-40D8-8E86-C4E87A956BF0}.Debug|x64.ActiveCfg = Debug|Any CPU
		{B42BB3BB-9746-40D8-8E86-C4E87A956BF0}.Debug|x64.Build.0 = Debug|Any CPU
		{B42BB3BB-9746-40D8-8E86-C4E87A956BF0}.Debug|x86.ActiveCfg = Debug|Any CPU
		{B42BB3BB-9746-40D8-8E86-C4E87A956BF0}.Debug|x86.Build.0 = Debug|Any CPU
		{B42BB3BB-9746-40D8-8E86-C4E87A956BF0}.Release|Any CPU.ActiveCfg = Release|Any CPU
		{B42BB3BB-9746-40D8-8E86-C4E87A956BF0}.Release|Any CPU.Build.0 = Release|Any CPU
		{B42BB3BB-9746-40D8-8E86-C4E87A956BF0}.Release|ARM.ActiveCfg = Release|Any CPU
		{B42BB3BB-9746-40D8-8E86-C4E87A956BF0}.Release|ARM.Build.0 = Release|Any CPU
		{B42BB3BB-9746-40D8-8E86-C4E87A956BF0}.Release|ARM64.ActiveCfg = Release|Any CPU
		{B42BB3BB-9746-40D8-8E86-C4E87A956BF0}.Release|ARM64.Build.0 = Release|Any CPU
		{B42BB3BB-9746-40D8-8E86-C4E87A956BF0}.Release|iPhone.ActiveCfg = Release|Any CPU
		{B42BB3BB-9746-40D8-8E86-C4E87A956BF0}.Release|iPhone.Build.0 = Release|Any CPU
		{B42BB3BB-9746-40D8-8E86-C4E87A956BF0}.Release|iPhoneSimulator.ActiveCfg = Release|Any CPU
		{B42BB3BB-9746-40D8-8E86-C4E87A956BF0}.Release|iPhoneSimulator.Build.0 = Release|Any CPU
		{B42BB3BB-9746-40D8-8E86-C4E87A956BF0}.Release|x64.ActiveCfg = Release|Any CPU
		{B42BB3BB-9746-40D8-8E86-C4E87A956BF0}.Release|x64.Build.0 = Release|Any CPU
		{B42BB3BB-9746-40D8-8E86-C4E87A956BF0}.Release|x86.ActiveCfg = Release|Any CPU
		{B42BB3BB-9746-40D8-8E86-C4E87A956BF0}.Release|x86.Build.0 = Release|Any CPU
	EndGlobalSection
	GlobalSection(SolutionProperties) = preSolution
		HideSolutionNode = FALSE
	EndGlobalSection
	GlobalSection(NestedProjects) = preSolution
		{0AFCD706-EA5D-46A2-B74D-D407B6702EA8} = {1EED1BEA-13C6-443D-84A2-D6EBAD10D3F6}
		{0A5E49CD-196A-427D-AD66-9A2B45097AC1} = {1EED1BEA-13C6-443D-84A2-D6EBAD10D3F6}
		{B42BB3BB-9746-40D8-8E86-C4E87A956BF0} = {1EED1BEA-13C6-443D-84A2-D6EBAD10D3F6}
	EndGlobalSection
	GlobalSection(ExtensibilityGlobals) = postSolution
		SolutionGuid = {86A07CE1-26EF-49A3-9EAD-F16A3FA738C6}
	EndGlobalSection
EndGlobal
